{
  "nodes": {
    "blackbox": {
      "inputs": {
        "blackbox-src": "blackbox-src",
        "marble-src": "marble-src",
        "nixpkgs": "nixpkgs",
        "vte-src": "vte-src"
      },
      "locked": {
        "lastModified": 1662449930,
        "narHash": "sha256-eWdjJXRHzBJLmp8tjE0zLeGKdsM9GkBw/QqounybpGM=",
        "owner": "mitchmindtree",
        "repo": "blackbox.nix",
        "rev": "01d2ac7f73597060c1cbdb3af22482d292b65357",
        "type": "github"
      },
      "original": {
        "owner": "mitchmindtree",
        "repo": "blackbox.nix",
        "type": "github"
      }
    },
    "blackbox-src": {
      "flake": false,
      "locked": {
        "lastModified": 1660669382,
        "narHash": "sha256-8u4qHC8+3rKDFNdg5kI48dBgAm3d6ESXN5H9aT/nIBY=",
        "ref": "main",
        "rev": "c9ed9fd1e50b5be15ed0529e3536c63aa4b23553",
        "revCount": 247,
        "type": "git",
        "url": "https://gitlab.gnome.org/raggesilver/blackbox"
      },
      "original": {
        "ref": "main",
        "type": "git",
        "url": "https://gitlab.gnome.org/raggesilver/blackbox"
      }
    },
    "flake-compat": {
      "flake": false,
      "locked": {
        "lastModified": 1673956053,
        "narHash": "sha256-4gtG9iQuiKITOjNQQeQIpoIB6b16fm+504Ch3sNKLd8=",
        "owner": "edolstra",
        "repo": "flake-compat",
        "rev": "35bb57c0c8d8b62bbfd284272c928ceb64ddbde9",
        "type": "github"
      },
      "original": {
        "owner": "edolstra",
        "repo": "flake-compat",
        "type": "github"
      }
    },
    "flake-utils": {
      "inputs": {
        "systems": "systems"
      },
      "locked": {
        "lastModified": 1701680307,
        "narHash": "sha256-kAuep2h5ajznlPMD9rnQyffWG8EM/C73lejGofXvdM8=",
        "owner": "numtide",
        "repo": "flake-utils",
        "rev": "4022d587cbbfd70fe950c1e2083a02621806a725",
        "type": "github"
      },
      "original": {
        "owner": "numtide",
        "repo": "flake-utils",
        "type": "github"
      }
    },
    "flake-utils_2": {
      "inputs": {
        "systems": "systems_2"
      },
      "locked": {
        "lastModified": 1685518550,
        "narHash": "sha256-o2d0KcvaXzTrPRIo0kOLV0/QXHhDQ5DTi+OxcjO8xqY=",
        "owner": "numtide",
        "repo": "flake-utils",
        "rev": "a1720a10a6cfe8234c0e93907ffe81be440f4cef",
        "type": "github"
      },
      "original": {
        "owner": "numtide",
        "repo": "flake-utils",
        "type": "github"
      }
    },
    "gitignore": {
      "inputs": {
        "nixpkgs": [
          "nixvim",
          "pre-commit-hooks",
          "nixpkgs"
        ]
      },
      "locked": {
        "lastModified": 1660459072,
        "narHash": "sha256-8DFJjXG8zqoONA1vXtgeKXy68KdJL5UaXR8NtVMUbx8=",
        "owner": "hercules-ci",
        "repo": "gitignore.nix",
        "rev": "a20de23b925fd8264fd7fad6454652e142fd7f73",
        "type": "github"
      },
      "original": {
        "owner": "hercules-ci",
        "repo": "gitignore.nix",
        "type": "github"
      }
    },
    "home-manager": {
      "inputs": {
        "nixpkgs": [
          "unstable"
        ]
      },
      "locked": {
        "lastModified": 1701728041,
        "narHash": "sha256-x0pyrI1vC8evVDxCxyO6olOyr4wlFg9+VS3C3p4xFYQ=",
        "owner": "nix-community",
        "repo": "home-manager",
        "rev": "ac7216918cd65f3824ba7817dea8f22e61221eaf",
        "type": "github"
      },
      "original": {
        "owner": "nix-community",
        "repo": "home-manager",
        "type": "github"
      }
    },
    "marble-src": {
      "flake": false,
      "locked": {
        "lastModified": 1650416394,
        "narHash": "sha256-0VJ9nyjWOOdLBm3ufleS/xcAS5YsSedJ2NtBjyM3uaY=",
        "ref": "wip/gtk4",
        "rev": "6dcc6fefa35f0151b0549c01bd774750fe6bdef8",
        "revCount": 31,
        "type": "git",
        "url": "https://gitlab.gnome.org/raggesilver/marble"
      },
      "original": {
        "ref": "wip/gtk4",
        "type": "git",
        "url": "https://gitlab.gnome.org/raggesilver/marble"
      }
    },
    "nixpkgs": {
      "locked": {
        "lastModified": 1660819943,
        "narHash": "sha256-TRZV/mlW1eYuojqDC3ueYWj7jsTKXJCtyMLNYX/Ybtw=",
        "owner": "NixOS",
        "repo": "nixpkgs",
        "rev": "8ea014acc33da95ea56c902229957d8225005163",
        "type": "github"
      },
      "original": {
        "owner": "NixOS",
        "ref": "nixos-unstable",
        "repo": "nixpkgs",
        "type": "github"
      }
    },
    "nixpkgs-stable": {
      "locked": {
        "lastModified": 1685801374,
        "narHash": "sha256-otaSUoFEMM+LjBI1XL/xGB5ao6IwnZOXc47qhIgJe8U=",
        "owner": "NixOS",
        "repo": "nixpkgs",
        "rev": "c37ca420157f4abc31e26f436c1145f8951ff373",
        "type": "github"
      },
      "original": {
        "owner": "NixOS",
        "ref": "nixos-23.05",
        "repo": "nixpkgs",
        "type": "github"
      }
    },
    "nixpkgs_2": {
      "locked": {
        "lastModified": 1701693815,
        "narHash": "sha256-7BkrXykVWfkn6+c1EhFA3ko4MLi3gVG0p9G96PNnKTM=",
        "owner": "NixOS",
        "repo": "nixpkgs",
        "rev": "09ec6a0881e1a36c29d67497693a67a16f4da573",
        "type": "github"
      },
      "original": {
        "id": "nixpkgs",
        "type": "indirect"
      }
    },
    "nixvim": {
      "inputs": {
        "flake-utils": "flake-utils",
        "nixpkgs": [
          "nixpkgs"
        ],
        "pre-commit-hooks": "pre-commit-hooks"
      },
      "locked": {
        "lastModified": 1701956652,
        "narHash": "sha256-PGkn4yCvui0HtJbVfGu0yKSZgwvsP0GdApD0M1MjcZY=",
        "owner": "nix-community",
        "repo": "nixvim",
        "rev": "cc3f5209c1253442608d17055d14e5da2122dabd",
        "type": "github"
      },
      "original": {
        "owner": "nix-community",
        "repo": "nixvim",
        "type": "github"
      }
    },
    "pre-commit-hooks": {
      "inputs": {
        "flake-compat": "flake-compat",
        "flake-utils": "flake-utils_2",
        "gitignore": "gitignore",
        "nixpkgs": [
          "nixvim",
          "nixpkgs"
        ],
        "nixpkgs-stable": "nixpkgs-stable"
      },
      "locked": {
        "lastModified": 1700922917,
        "narHash": "sha256-ej2fch/T584b5K9sk1UhmZF7W6wEfDHuoUYpFN8dtvM=",
        "owner": "cachix",
        "repo": "pre-commit-hooks.nix",
        "rev": "e5ee5c5f3844550c01d2131096c7271cec5e9b78",
        "type": "github"
      },
      "original": {
        "owner": "cachix",
        "repo": "pre-commit-hooks.nix",
        "type": "github"
      }
    },
    "root": {
      "inputs": {
        "blackbox": "blackbox",
        "home-manager": "home-manager",
        "nixpkgs": "nixpkgs_2",
        "nixvim": "nixvim",
        "unstable": "unstable"
      }
    },
    "systems": {
      "locked": {
        "lastModified": 1681028828,
        "narHash": "sha256-Vy1rq5AaRuLzOxct8nz4T6wlgyUR7zLU309k9mBC768=",
        "owner": "nix-systems",
        "repo": "default",
        "rev": "da67096a3b9bf56a91d16901293e51ba5b49a27e",
        "type": "github"
      },
      "original": {
        "owner": "nix-systems",
        "repo": "default",
        "type": "github"
      }
    },
    "systems_2": {
      "locked": {
        "lastModified": 1681028828,
        "narHash": "sha256-Vy1rq5AaRuLzOxct8nz4T6wlgyUR7zLU309k9mBC768=",
        "owner": "nix-systems",
        "repo": "default",
        "rev": "da67096a3b9bf56a91d16901293e51ba5b49a27e",
        "type": "github"
      },
      "original": {
        "owner": "nix-systems",
        "repo": "default",
        "type": "github"
      }
    },
    "unstable": {
      "locked": {
        "lastModified": 1701718080,
        "narHash": "sha256-6ovz0pG76dE0P170pmmZex1wWcQoeiomUZGggfH9XPs=",
        "owner": "nixos",
        "repo": "nixpkgs",
        "rev": "2c7f3c0fb7c08a0814627611d9d7d45ab6d75335",
        "type": "github"
      },
      "original": {
        "owner": "nixos",
        "ref": "nixos-unstable",
        "repo": "nixpkgs",
        "type": "github"
      }
    },
    "vte-src": {
      "flake": false,
      "locked": {
        "lastModified": 1660860193,
        "narHash": "sha256-Th7Jlll9DIGuB4dySAfTGI6TXyTl0AfRE0EgT0exrJs=",
        "ref": "master",
        "rev": "b4abc09b0950e2b1593782116b7fa9fc2e7ffba1",
        "revCount": 5209,
        "type": "git",
        "url": "https://gitlab.gnome.org/gnome/vte"
      },
      "original": {
        "ref": "master",
        "type": "git",
        "url": "https://gitlab.gnome.org/gnome/vte"
      }
    }
  },
  "root": "root",
  "version": 7
}
